
Microsoft Visual Studio Solution File, Format Version 12.00
# Visual Studio 15
VisualStudioVersion = 15.0.28307.271
MinimumVisualStudioVersion = 10.0.40219.1
Project("{FAE04EC0-301F-11D3-BF4B-00C04F79EFBC}") = "Koben.Kompair", "Koben.Kompair\Koben.Kompair.csproj", "{72F9126F-816B-4FB4-AF65-13510630B3EB}"
EndProject
Project("{2150E333-8FDC-42A3-9474-1A3956D46DE8}") = "Solution Items", "Solution Items", "{56BEE178-096F-44AA-B824-B6AD2D328F47}"
	ProjectSection(SolutionItems) = preProject
		.gitlab-ci.yml = .gitlab-ci.yml
		CreateUmbracoPackage.ps1 = CreateUmbracoPackage.ps1
		README.md = README.md
	EndProjectSection
EndProject
Project("{FAE04EC0-301F-11D3-BF4B-00C04F79EFBC}") = "Koben.Kompair.Example1", "Koben.Kompair.Example1\Koben.Kompair.Example1.csproj", "{4325677B-EFD7-4A79-8E65-E497A151439A}"
EndProject
Project("{FAE04EC0-301F-11D3-BF4B-00C04F79EFBC}") = "Koben.Kompair.Example2", "Koben.Kompair.Example2\Koben.Kompair.Example2.csproj", "{D819C61F-1F7A-472A-9DF0-C240E96364D6}"
EndProject
Project("{FAE04EC0-301F-11D3-BF4B-00C04F79EFBC}") = "Koben.Kompair.Dashboard", "Koben.Kompair.Dashboard\Koben.Kompair.Dashboard.csproj", "{5F8BE031-BA8E-4318-A248-FC569CE97991}"
EndProject
Global
	GlobalSection(SolutionConfigurationPlatforms) = preSolution
		Debug|Any CPU = Debug|Any CPU
		Release|Any CPU = Release|Any CPU
	EndGlobalSection
	GlobalSection(ProjectConfigurationPlatforms) = postSolution
		{72F9126F-816B-4FB4-AF65-13510630B3EB}.Debug|Any CPU.ActiveCfg = Debug|Any CPU
		{72F9126F-816B-4FB4-AF65-13510630B3EB}.Debug|Any CPU.Build.0 = Debug|Any CPU
		{72F9126F-816B-4FB4-AF65-13510630B3EB}.Release|Any CPU.ActiveCfg = Release|Any CPU
		{72F9126F-816B-4FB4-AF65-13510630B3EB}.Release|Any CPU.Build.0 = Release|Any CPU
		{4325677B-EFD7-4A79-8E65-E497A151439A}.Debug|Any CPU.ActiveCfg = Debug|Any CPU
		{4325677B-EFD7-4A79-8E65-E497A151439A}.Debug|Any CPU.Build.0 = Debug|Any CPU
		{4325677B-EFD7-4A79-8E65-E497A151439A}.Release|Any CPU.ActiveCfg = Release|Any CPU
		{4325677B-EFD7-4A79-8E65-E497A151439A}.Release|Any CPU.Build.0 = Release|Any CPU
		{D819C61F-1F7A-472A-9DF0-C240E96364D6}.Debug|Any CPU.ActiveCfg = Debug|Any CPU
		{D819C61F-1F7A-472A-9DF0-C240E96364D6}.Debug|Any CPU.Build.0 = Debug|Any CPU
		{D819C61F-1F7A-472A-9DF0-C240E96364D6}.Release|Any CPU.ActiveCfg = Release|Any CPU
		{D819C61F-1F7A-472A-9DF0-C240E96364D6}.Release|Any CPU.Build.0 = Release|Any CPU
		{5F8BE031-BA8E-4318-A248-FC569CE97991}.Debug|Any CPU.ActiveCfg = Debug|Any CPU
		{5F8BE031-BA8E-4318-A248-FC569CE97991}.Debug|Any CPU.Build.0 = Debug|Any CPU
		{5F8BE031-BA8E-4318-A248-FC569CE97991}.Release|Any CPU.ActiveCfg = Release|Any CPU
		{5F8BE031-BA8E-4318-A248-FC569CE97991}.Release|Any CPU.Build.0 = Release|Any CPU
	EndGlobalSection
	GlobalSection(SolutionProperties) = preSolution
		HideSolutionNode = FALSE
	EndGlobalSection
	GlobalSection(ExtensibilityGlobals) = postSolution
		SolutionGuid = {0CD7E809-AF96-4374-AC2B-7B252F21CFE8}
	EndGlobalSection
EndGlobal
